
Microsoft Visual Studio Solution File, Format Version 12.00
# Visual Studio Version 17
VisualStudioVersion = 17.14.37328.6 d17.14
MinimumVisualStudioVersion = 10.0.40219.1
Project("{FAE04EC0-301F-11D3-BF4B-00C04F79EFBC}") = "LibraryManagementSystem", "LibraryManagementSystem.csproj", "{2A6D2ACD-E847-4777-A8BE-FE014C183651}"
EndProject
Global
	GlobalSection(SolutionConfigurationPlatforms) = preSolution
		Debug|Any CPU = Debug|Any CPU
		Release|Any CPU = Release|Any CPU
	EndGlobalSection
	GlobalSection(ProjectConfigurationPlatforms) = postSolution
		{2A6D2ACD-E847-4777-A8BE-FE014C183651}.Debug|Any CPU.ActiveCfg = Debug|Any CPU
		{2A6D2ACD-E847-4777-A8BE-FE014C183651}.Debug|Any CPU.Build.0 = Debug|Any CPU
		{2A6D2ACD-E847-4777-A8BE-FE014C183651}.Release|Any CPU.ActiveCfg = Release|Any CPU
		{2A6D2ACD-E847-4777-A8BE-FE014C183651}.Release|Any CPU.Build.0 = Release|Any CPU
	EndGlobalSection
	GlobalSection(SolutionProperties) = preSolution
		HideSolutionNode = FALSE
	EndGlobalSection
	GlobalSection(ExtensibilityGlobals) = postSolution
		SolutionGuid = {1FD984BA-3119-4091-BE96-30E942304C8B}
	EndGlobalSection
EndGlobal
