
Microsoft Visual Studio Solution File, Format Version 12.00
# Visual Studio Version 17
VisualStudioVersion = 17.14.37328.6 d17.14
MinimumVisualStudioVersion = 10.0.40219.1
Project("{FAE04EC0-301F-11D3-BF4B-00C04F79EFBC}") = "LeaveManagementAPI", "LeaveManagementAPI.csproj", "{E0BB8270-2E33-43A0-86C1-249367F77EBA}"
EndProject
Global
	GlobalSection(SolutionConfigurationPlatforms) = preSolution
		Debug|Any CPU = Debug|Any CPU
		Release|Any CPU = Release|Any CPU
	EndGlobalSection
	GlobalSection(ProjectConfigurationPlatforms) = postSolution
		{E0BB8270-2E33-43A0-86C1-249367F77EBA}.Debug|Any CPU.ActiveCfg = Debug|Any CPU
		{E0BB8270-2E33-43A0-86C1-249367F77EBA}.Debug|Any CPU.Build.0 = Debug|Any CPU
		{E0BB8270-2E33-43A0-86C1-249367F77EBA}.Release|Any CPU.ActiveCfg = Release|Any CPU
		{E0BB8270-2E33-43A0-86C1-249367F77EBA}.Release|Any CPU.Build.0 = Release|Any CPU
	EndGlobalSection
	GlobalSection(SolutionProperties) = preSolution
		HideSolutionNode = FALSE
	EndGlobalSection
	GlobalSection(ExtensibilityGlobals) = postSolution
		SolutionGuid = {3ED550BD-75C2-4736-AB79-228DF7158BEA}
	EndGlobalSection
EndGlobal
